// !$*UTF8*$!
{
	archiveVersion = 1;
	classes = {
	};
	objectVersion = 48;
	objects = {

/* Begin PBXBuildFile section */
		15C3935F89B0866532F7C98F /* Pods_TaxiUITests.framework in Frameworks */ = {isa = PBXBuildFile; fileRef = 128350E260FF8FB046C2AD13 /* Pods_TaxiUITests.framework */; };
		1F2FB48C1F9C48C800870FC9 /* AppDelegate.swift in Sources */ = {isa = PBXBuildFile; fileRef = 1F2FB48B1F9C48C800870FC9 /* AppDelegate.swift */; };
		1F2FB48E1F9C48C800870FC9 /* ViewController.swift in Sources */ = {isa = PBXBuildFile; fileRef = 1F2FB48D1F9C48C800870FC9 /* ViewController.swift */; };
		1F2FB4911F9C48C800870FC9 /* Main.storyboard in Resources */ = {isa = PBXBuildFile; fileRef = 1F2FB48F1F9C48C800870FC9 /* Main.storyboard */; };
		1F2FB4931F9C48C800870FC9 /* Assets.xcassets in Resources */ = {isa = PBXBuildFile; fileRef = 1F2FB4921F9C48C800870FC9 /* Assets.xcassets */; };
		1F2FB4961F9C48C800870FC9 /* LaunchScreen.storyboard in Resources */ = {isa = PBXBuildFile; fileRef = 1F2FB4941F9C48C800870FC9 /* LaunchScreen.storyboard */; };
		1F2FB4A11F9C48C800870FC9 /* TaxiUITests.swift in Sources */ = {isa = PBXBuildFile; fileRef = 1F2FB4A01F9C48C800870FC9 /* TaxiUITests.swift */; };
		1F74C3211F9ED78900380795 /* DummyStation.swift in Sources */ = {isa = PBXBuildFile; fileRef = 1F74C3201F9ED78900380795 /* DummyStation.swift */; };
		1F9583491F9DD62500829053 /* MatchingController.swift in Sources */ = {isa = PBXBuildFile; fileRef = 1F9583481F9DD62500829053 /* MatchingController.swift */; };
		1F95834B1F9E312A00829053 /* DummyUser.swift in Sources */ = {isa = PBXBuildFile; fileRef = 1F95834A1F9E312A00829053 /* DummyUser.swift */; };
		83C62631E3FA0F013ACF5098 /* Pods_Taxi.framework in Frameworks */ = {isa = PBXBuildFile; fileRef = 279A35EDD3FC3B816758FF66 /* Pods_Taxi.framework */; };
		D47C37C21F9C916300E6F3EC /* ProfileEditController.swift in Sources */ = {isa = PBXBuildFile; fileRef = D47C37C11F9C916300E6F3EC /* ProfileEditController.swift */; };
		D47C37C41F9C92F000E6F3EC /* MapController.swift in Sources */ = {isa = PBXBuildFile; fileRef = D47C37C31F9C92F000E6F3EC /* MapController.swift */; };
		D47C37C81F9C93D100E6F3EC /* MachingEndController.swift in Sources */ = {isa = PBXBuildFile; fileRef = D47C37C71F9C93D100E6F3EC /* MachingEndController.swift */; };
		D47C37CA1F9C93F100E6F3EC /* PayEndController.swift in Sources */ = {isa = PBXBuildFile; fileRef = D47C37C91F9C93F100E6F3EC /* PayEndController.swift */; };
		D49A60981F9EC3F0002EDBD7 /* sign-up.png in Resources */ = {isa = PBXBuildFile; fileRef = D49A60971F9EC3EF002EDBD7 /* sign-up.png */; };
		D49A609D1F9EC5BD002EDBD7 /* siign-in.png in Resources */ = {isa = PBXBuildFile; fileRef = D49A609C1F9EC5BD002EDBD7 /* siign-in.png */; };
		D49A60A11F9ECB7D002EDBD7 /* edit-end.png in Resources */ = {isa = PBXBuildFile; fileRef = D49A609F1F9ECB7D002EDBD7 /* edit-end.png */; };
		D49A60A31F9ED003002EDBD7 /* matching.png in Resources */ = {isa = PBXBuildFile; fileRef = D49A60A21F9ED001002EDBD7 /* matching.png */; };
		D49A60A61F9ED395002EDBD7 /* matching-do.png in Resources */ = {isa = PBXBuildFile; fileRef = D49A60A41F9ED395002EDBD7 /* matching-do.png */; };
		D49A60A71F9ED395002EDBD7 /* matching-not.png in Resources */ = {isa = PBXBuildFile; fileRef = D49A60A51F9ED395002EDBD7 /* matching-not.png */; };
		D49A60AB1F9ED594002EDBD7 /* back.png in Resources */ = {isa = PBXBuildFile; fileRef = D49A60A91F9ED594002EDBD7 /* back.png */; };
		D49A60AD1F9ED6F8002EDBD7 /* profile.png in Resources */ = {isa = PBXBuildFile; fileRef = D49A60AC1F9ED6F4002EDBD7 /* profile.png */; };
/* End PBXBuildFile section */

/* Begin PBXContainerItemProxy section */
		1F2FB49D1F9C48C800870FC9 /* PBXContainerItemProxy */ = {
			isa = PBXContainerItemProxy;
			containerPortal = 1F2FB4801F9C48C800870FC9 /* Project object */;
			proxyType = 1;
			remoteGlobalIDString = 1F2FB4871F9C48C800870FC9;
			remoteInfo = Taxi;
		};
/* End PBXContainerItemProxy section */

/* Begin PBXFileReference section */
		1263967705B7A757E68882D9 /* Pods-TaxiUITests.release.xcconfig */ = {isa = PBXFileReference; includeInIndex = 1; lastKnownFileType = text.xcconfig; name = "Pods-TaxiUITests.release.xcconfig"; path = "Pods/Target Support Files/Pods-TaxiUITests/Pods-TaxiUITests.release.xcconfig"; sourceTree = "<group>"; };
		128350E260FF8FB046C2AD13 /* Pods_TaxiUITests.framework */ = {isa = PBXFileReference; explicitFileType = wrapper.framework; includeInIndex = 0; path = Pods_TaxiUITests.framework; sourceTree = BUILT_PRODUCTS_DIR; };
		1BCACF78C88773CC02A37E9B /* Pods-Taxi.debug.xcconfig */ = {isa = PBXFileReference; includeInIndex = 1; lastKnownFileType = text.xcconfig; name = "Pods-Taxi.debug.xcconfig"; path = "Pods/Target Support Files/Pods-Taxi/Pods-Taxi.debug.xcconfig"; sourceTree = "<group>"; };
		1F2FB4881F9C48C800870FC9 /* Taxi.app */ = {isa = PBXFileReference; explicitFileType = wrapper.application; includeInIndex = 0; path = Taxi.app; sourceTree = BUILT_PRODUCTS_DIR; };
		1F2FB48B1F9C48C800870FC9 /* AppDelegate.swift */ = {isa = PBXFileReference; lastKnownFileType = sourcecode.swift; path = AppDelegate.swift; sourceTree = "<group>"; };
		1F2FB48D1F9C48C800870FC9 /* ViewController.swift */ = {isa = PBXFileReference; lastKnownFileType = sourcecode.swift; path = ViewController.swift; sourceTree = "<group>"; };
		1F2FB4901F9C48C800870FC9 /* Base */ = {isa = PBXFileReference; lastKnownFileType = file.storyboard; name = Base; path = Base.lproj/Main.storyboard; sourceTree = "<group>"; };
		1F2FB4921F9C48C800870FC9 /* Assets.xcassets */ = {isa = PBXFileReference; lastKnownFileType = folder.assetcatalog; path = Assets.xcassets; sourceTree = "<group>"; };
		1F2FB4951F9C48C800870FC9 /* Base */ = {isa = PBXFileReference; lastKnownFileType = file.storyboard; name = Base; path = Base.lproj/LaunchScreen.storyboard; sourceTree = "<group>"; };
		1F2FB4971F9C48C800870FC9 /* Info.plist */ = {isa = PBXFileReference; lastKnownFileType = text.plist.xml; path = Info.plist; sourceTree = "<group>"; };
		1F2FB49C1F9C48C800870FC9 /* TaxiUITests.xctest */ = {isa = PBXFileReference; explicitFileType = wrapper.cfbundle; includeInIndex = 0; path = TaxiUITests.xctest; sourceTree = BUILT_PRODUCTS_DIR; };
		1F2FB4A01F9C48C800870FC9 /* TaxiUITests.swift */ = {isa = PBXFileReference; lastKnownFileType = sourcecode.swift; path = TaxiUITests.swift; sourceTree = "<group>"; };
		1F2FB4A21F9C48C800870FC9 /* Info.plist */ = {isa = PBXFileReference; lastKnownFileType = text.plist.xml; path = Info.plist; sourceTree = "<group>"; };
		1F74C3201F9ED78900380795 /* DummyStation.swift */ = {isa = PBXFileReference; fileEncoding = 4; lastKnownFileType = sourcecode.swift; path = DummyStation.swift; sourceTree = "<group>"; };
		1F9583481F9DD62500829053 /* MatchingController.swift */ = {isa = PBXFileReference; fileEncoding = 4; lastKnownFileType = sourcecode.swift; path = MatchingController.swift; sourceTree = "<group>"; };
		1F95834A1F9E312A00829053 /* DummyUser.swift */ = {isa = PBXFileReference; fileEncoding = 4; lastKnownFileType = sourcecode.swift; path = DummyUser.swift; sourceTree = "<group>"; };
		279A35EDD3FC3B816758FF66 /* Pods_Taxi.framework */ = {isa = PBXFileReference; explicitFileType = wrapper.framework; includeInIndex = 0; path = Pods_Taxi.framework; sourceTree = BUILT_PRODUCTS_DIR; };
		56226B6EB5ABF5C11CC49A23 /* Pods-Taxi.release.xcconfig */ = {isa = PBXFileReference; includeInIndex = 1; lastKnownFileType = text.xcconfig; name = "Pods-Taxi.release.xcconfig"; path = "Pods/Target Support Files/Pods-Taxi/Pods-Taxi.release.xcconfig"; sourceTree = "<group>"; };
		8D276F13EBFFBDD2D884C229 /* Pods-TaxiUITests.debug.xcconfig */ = {isa = PBXFileReference; includeInIndex = 1; lastKnownFileType = text.xcconfig; name = "Pods-TaxiUITests.debug.xcconfig"; path = "Pods/Target Support Files/Pods-TaxiUITests/Pods-TaxiUITests.debug.xcconfig"; sourceTree = "<group>"; };
		D47C37C11F9C916300E6F3EC /* ProfileEditController.swift */ = {isa = PBXFileReference; lastKnownFileType = sourcecode.swift; path = ProfileEditController.swift; sourceTree = "<group>"; };
		D47C37C31F9C92F000E6F3EC /* MapController.swift */ = {isa = PBXFileReference; lastKnownFileType = sourcecode.swift; path = MapController.swift; sourceTree = "<group>"; };
		D47C37C71F9C93D100E6F3EC /* MachingEndController.swift */ = {isa = PBXFileReference; lastKnownFileType = sourcecode.swift; path = MachingEndController.swift; sourceTree = "<group>"; };
		D47C37C91F9C93F100E6F3EC /* PayEndController.swift */ = {isa = PBXFileReference; lastKnownFileType = sourcecode.swift; path = PayEndController.swift; sourceTree = "<group>"; };
		D49A60971F9EC3EF002EDBD7 /* sign-up.png */ = {isa = PBXFileReference; lastKnownFileType = image.png; name = "sign-up.png"; path = "img/sign-up.png"; sourceTree = SOURCE_ROOT; };
		D49A609C1F9EC5BD002EDBD7 /* siign-in.png */ = {isa = PBXFileReference; lastKnownFileType = image.png; name = "siign-in.png"; path = "img/siign-in.png"; sourceTree = SOURCE_ROOT; };
		D49A609F1F9ECB7D002EDBD7 /* edit-end.png */ = {isa = PBXFileReference; lastKnownFileType = image.png; name = "edit-end.png"; path = "img/edit-end.png"; sourceTree = SOURCE_ROOT; };
		D49A60A21F9ED001002EDBD7 /* matching.png */ = {isa = PBXFileReference; lastKnownFileType = image.png; name = matching.png; path = img/matching.png; sourceTree = SOURCE_ROOT; };
		D49A60A41F9ED395002EDBD7 /* matching-do.png */ = {isa = PBXFileReference; lastKnownFileType = image.png; name = "matching-do.png"; path = "img/matching-do.png"; sourceTree = SOURCE_ROOT; };
		D49A60A51F9ED395002EDBD7 /* matching-not.png */ = {isa = PBXFileReference; lastKnownFileType = image.png; name = "matching-not.png"; path = "img/matching-not.png"; sourceTree = SOURCE_ROOT; };
		D49A60A91F9ED594002EDBD7 /* back.png */ = {isa = PBXFileReference; lastKnownFileType = image.png; name = back.png; path = img/back.png; sourceTree = SOURCE_ROOT; };
		D49A60AC1F9ED6F4002EDBD7 /* profile.png */ = {isa = PBXFileReference; lastKnownFileType = image.png; name = profile.png; path = img/profile.png; sourceTree = SOURCE_ROOT; };
/* End PBXFileReference section */

/* Begin PBXFrameworksBuildPhase section */
		1F2FB4851F9C48C800870FC9 /* Frameworks */ = {
			isa = PBXFrameworksBuildPhase;
			buildActionMask = 2147483647;
			files = (
				83C62631E3FA0F013ACF5098 /* Pods_Taxi.framework in Frameworks */,
			);
			runOnlyForDeploymentPostprocessing = 0;
		};
		1F2FB4991F9C48C800870FC9 /* Frameworks */ = {
			isa = PBXFrameworksBuildPhase;
			buildActionMask = 2147483647;
			files = (
				15C3935F89B0866532F7C98F /* Pods_TaxiUITests.framework in Frameworks */,
			);
			runOnlyForDeploymentPostprocessing = 0;
		};
/* End PBXFrameworksBuildPhase section */

/* Begin PBXGroup section */
		1F2FB47F1F9C48C800870FC9 = {
			isa = PBXGroup;
			children = (
				1F2FB48A1F9C48C800870FC9 /* Taxi */,
				1F2FB49F1F9C48C800870FC9 /* TaxiUITests */,
				1F2FB4891F9C48C800870FC9 /* Products */,
				E0C95298F42E378D78B07A67 /* Pods */,
				DC73127055E9DFB24D172C1A /* Frameworks */,
			);
			sourceTree = "<group>";
		};
		1F2FB4891F9C48C800870FC9 /* Products */ = {
			isa = PBXGroup;
			children = (
				1F2FB4881F9C48C800870FC9 /* Taxi.app */,
				1F2FB49C1F9C48C800870FC9 /* TaxiUITests.xctest */,
			);
			name = Products;
			sourceTree = "<group>";
		};
		1F2FB48A1F9C48C800870FC9 /* Taxi */ = {
			isa = PBXGroup;
			children = (
				1F2FB48B1F9C48C800870FC9 /* AppDelegate.swift */,
				1F2FB48D1F9C48C800870FC9 /* ViewController.swift */,
				D47C37C11F9C916300E6F3EC /* ProfileEditController.swift */,
				D47C37C31F9C92F000E6F3EC /* MapController.swift */,
				1F74C3201F9ED78900380795 /* DummyStation.swift */,
				1F9583481F9DD62500829053 /* MatchingController.swift */,
				1F95834A1F9E312A00829053 /* DummyUser.swift */,
				D47C37C71F9C93D100E6F3EC /* MachingEndController.swift */,
				D47C37C91F9C93F100E6F3EC /* PayEndController.swift */,
				1F2FB48F1F9C48C800870FC9 /* Main.storyboard */,
				1F2FB4921F9C48C800870FC9 /* Assets.xcassets */,
				1F2FB4941F9C48C800870FC9 /* LaunchScreen.storyboard */,
				1F2FB4971F9C48C800870FC9 /* Info.plist */,
				D4E1E77C1F9EBD9400269912 /* img */,
			);
			path = Taxi;
			sourceTree = "<group>";
		};
		1F2FB49F1F9C48C800870FC9 /* TaxiUITests */ = {
			isa = PBXGroup;
			children = (
				1F2FB4A01F9C48C800870FC9 /* TaxiUITests.swift */,
				1F2FB4A21F9C48C800870FC9 /* Info.plist */,
			);
			path = TaxiUITests;
			sourceTree = "<group>";
		};
		D4E1E77C1F9EBD9400269912 /* img */ = {
			isa = PBXGroup;
			children = (
				D49A60AC1F9ED6F4002EDBD7 /* profile.png */,
				D49A60A91F9ED594002EDBD7 /* back.png */,
				D49A60A41F9ED395002EDBD7 /* matching-do.png */,
				D49A60A51F9ED395002EDBD7 /* matching-not.png */,
				D49A60A21F9ED001002EDBD7 /* matching.png */,
				D49A609F1F9ECB7D002EDBD7 /* edit-end.png */,
				D49A609C1F9EC5BD002EDBD7 /* siign-in.png */,
				D49A60971F9EC3EF002EDBD7 /* sign-up.png */,
			);
			name = img;
			sourceTree = "<group>";
		};
		DC73127055E9DFB24D172C1A /* Frameworks */ = {
			isa = PBXGroup;
			children = (
				279A35EDD3FC3B816758FF66 /* Pods_Taxi.framework */,
				128350E260FF8FB046C2AD13 /* Pods_TaxiUITests.framework */,
			);
			name = Frameworks;
			sourceTree = "<group>";
		};
		E0C95298F42E378D78B07A67 /* Pods */ = {
			isa = PBXGroup;
			children = (
				1BCACF78C88773CC02A37E9B /* Pods-Taxi.debug.xcconfig */,
				56226B6EB5ABF5C11CC49A23 /* Pods-Taxi.release.xcconfig */,
				8D276F13EBFFBDD2D884C229 /* Pods-TaxiUITests.debug.xcconfig */,
				1263967705B7A757E68882D9 /* Pods-TaxiUITests.release.xcconfig */,
			);
			name = Pods;
			sourceTree = "<group>";
		};
/* End PBXGroup section */

/* Begin PBXNativeTarget section */
		1F2FB4871F9C48C800870FC9 /* Taxi */ = {
			isa = PBXNativeTarget;
			buildConfigurationList = 1F2FB4A51F9C48C800870FC9 /* Build configuration list for PBXNativeTarget "Taxi" */;
			buildPhases = (
				2240EF28821B0A89BB5AA08A /* [CP] Check Pods Manifest.lock */,
				1F2FB4841F9C48C800870FC9 /* Sources */,
				1F2FB4851F9C48C800870FC9 /* Frameworks */,
				1F2FB4861F9C48C800870FC9 /* Resources */,
				03C656BE77EB4B28DA519A08 /* [CP] Embed Pods Frameworks */,
				699B012FCD2DA8B4FD5AAE95 /* [CP] Copy Pods Resources */,
			);
			buildRules = (
			);
			dependencies = (
			);
			name = Taxi;
			productName = Taxi;
			productReference = 1F2FB4881F9C48C800870FC9 /* Taxi.app */;
			productType = "com.apple.product-type.application";
		};
		1F2FB49B1F9C48C800870FC9 /* TaxiUITests */ = {
			isa = PBXNativeTarget;
			buildConfigurationList = 1F2FB4A81F9C48C800870FC9 /* Build configuration list for PBXNativeTarget "TaxiUITests" */;
			buildPhases = (
				F1115C7DD512DF9A8A208259 /* [CP] Check Pods Manifest.lock */,
				1F2FB4981F9C48C800870FC9 /* Sources */,
				1F2FB4991F9C48C800870FC9 /* Frameworks */,
				1F2FB49A1F9C48C800870FC9 /* Resources */,
				8DA8688B8FE439547DA9A277 /* [CP] Embed Pods Frameworks */,
				30F8816F7DB2707D05BC275D /* [CP] Copy Pods Resources */,
			);
			buildRules = (
			);
			dependencies = (
				1F2FB49E1F9C48C800870FC9 /* PBXTargetDependency */,
			);
			name = TaxiUITests;
			productName = TaxiUITests;
			productReference = 1F2FB49C1F9C48C800870FC9 /* TaxiUITests.xctest */;
			productType = "com.apple.product-type.bundle.ui-testing";
		};
/* End PBXNativeTarget section */

/* Begin PBXProject section */
		1F2FB4801F9C48C800870FC9 /* Project object */ = {
			isa = PBXProject;
			attributes = {
				LastSwiftUpdateCheck = 0900;
				LastUpgradeCheck = 0900;
				ORGANIZATIONNAME = "清野隼史";
				TargetAttributes = {
					1F2FB4871F9C48C800870FC9 = {
						CreatedOnToolsVersion = 9.0.1;
						ProvisioningStyle = Automatic;
					};
					1F2FB49B1F9C48C800870FC9 = {
						CreatedOnToolsVersion = 9.0.1;
						ProvisioningStyle = Automatic;
						TestTargetID = 1F2FB4871F9C48C800870FC9;
					};
				};
			};
			buildConfigurationList = 1F2FB4831F9C48C800870FC9 /* Build configuration list for PBXProject "Taxi" */;
			compatibilityVersion = "Xcode 8.0";
			developmentRegion = en;
			hasScannedForEncodings = 0;
			knownRegions = (
				en,
				Base,
			);
			mainGroup = 1F2FB47F1F9C48C800870FC9;
			productRefGroup = 1F2FB4891F9C48C800870FC9 /* Products */;
			projectDirPath = "";
			projectRoot = "";
			targets = (
				1F2FB4871F9C48C800870FC9 /* Taxi */,
				1F2FB49B1F9C48C800870FC9 /* TaxiUITests */,
			);
		};
/* End PBXProject section */

/* Begin PBXResourcesBuildPhase section */
		1F2FB4861F9C48C800870FC9 /* Resources */ = {
			isa = PBXResourcesBuildPhase;
			buildActionMask = 2147483647;
			files = (
				1F2FB4961F9C48C800870FC9 /* LaunchScreen.storyboard in Resources */,
				1F2FB4931F9C48C800870FC9 /* Assets.xcassets in Resources */,
				D49A609D1F9EC5BD002EDBD7 /* siign-in.png in Resources */,
				D49A60A71F9ED395002EDBD7 /* matching-not.png in Resources */,
				D49A60A11F9ECB7D002EDBD7 /* edit-end.png in Resources */,
				D49A60A31F9ED003002EDBD7 /* matching.png in Resources */,
				D49A60AB1F9ED594002EDBD7 /* back.png in Resources */,
				1F2FB4911F9C48C800870FC9 /* Main.storyboard in Resources */,
				D49A60AD1F9ED6F8002EDBD7 /* profile.png in Resources */,
				D49A60A61F9ED395002EDBD7 /* matching-do.png in Resources */,
				D49A60981F9EC3F0002EDBD7 /* sign-up.png in Resources */,
			);
			runOnlyForDeploymentPostprocessing = 0;
		};
		1F2FB49A1F9C48C800870FC9 /* Resources */ = {
			isa = PBXResourcesBuildPhase;
			buildActionMask = 2147483647;
			files = (
			);
			runOnlyForDeploymentPostprocessing = 0;
		};
/* End PBXResourcesBuildPhase section */

/* Begin PBXShellScriptBuildPhase section */
		03C656BE77EB4B28DA519A08 /* [CP] Embed Pods Frameworks */ = {
			isa = PBXShellScriptBuildPhase;
			buildActionMask = 2147483647;
			files = (
			);
			inputPaths = (
				"${SRCROOT}/Pods/Target Support Files/Pods-Taxi/Pods-Taxi-frameworks.sh",
				"${BUILT_PRODUCTS_DIR}/Alamofire/Alamofire.framework",
				"${BUILT_PRODUCTS_DIR}/Gryphon/Gryphon.framework",
			);
			name = "[CP] Embed Pods Frameworks";
			outputPaths = (
				"${TARGET_BUILD_DIR}/${FRAMEWORKS_FOLDER_PATH}/Alamofire.framework",
				"${TARGET_BUILD_DIR}/${FRAMEWORKS_FOLDER_PATH}/Gryphon.framework",
			);
			runOnlyForDeploymentPostprocessing = 0;
			shellPath = /bin/sh;
			shellScript = "\"${SRCROOT}/Pods/Target Support Files/Pods-Taxi/Pods-Taxi-frameworks.sh\"\n";
			showEnvVarsInLog = 0;
		};
		2240EF28821B0A89BB5AA08A /* [CP] Check Pods Manifest.lock */ = {
			isa = PBXShellScriptBuildPhase;
			buildActionMask = 2147483647;
			files = (
			);
			inputPaths = (
				"${PODS_PODFILE_DIR_PATH}/Podfile.lock",
				"${PODS_ROOT}/Manifest.lock",
			);
			name = "[CP] Check Pods Manifest.lock";
			outputPaths = (
				"$(DERIVED_FILE_DIR)/Pods-Taxi-checkManifestLockResult.txt",
			);
			runOnlyForDeploymentPostprocessing = 0;
			shellPath = /bin/sh;
			shellScript = "diff \"${PODS_PODFILE_DIR_PATH}/Podfile.lock\" \"${PODS_ROOT}/Manifest.lock\" > /dev/null\nif [ $? != 0 ] ; then\n    # print error to STDERR\n    echo \"error: The sandbox is not in sync with the Podfile.lock. Run 'pod install' or update your CocoaPods installation.\" >&2\n    exit 1\nfi\n# This output is used by Xcode 'outputs' to avoid re-running this script phase.\necho \"SUCCESS\" > \"${SCRIPT_OUTPUT_FILE_0}\"\n";
			showEnvVarsInLog = 0;
		};
		30F8816F7DB2707D05BC275D /* [CP] Copy Pods Resources */ = {
			isa = PBXShellScriptBuildPhase;
			buildActionMask = 2147483647;
			files = (
			);
			inputPaths = (
			);
			name = "[CP] Copy Pods Resources";
			outputPaths = (
			);
			runOnlyForDeploymentPostprocessing = 0;
			shellPath = /bin/sh;
			shellScript = "\"${SRCROOT}/Pods/Target Support Files/Pods-TaxiUITests/Pods-TaxiUITests-resources.sh\"\n";
			showEnvVarsInLog = 0;
		};
		699B012FCD2DA8B4FD5AAE95 /* [CP] Copy Pods Resources */ = {
			isa = PBXShellScriptBuildPhase;
			buildActionMask = 2147483647;
			files = (
			);
			inputPaths = (
			);
			name = "[CP] Copy Pods Resources";
			outputPaths = (
			);
			runOnlyForDeploymentPostprocessing = 0;
			shellPath = /bin/sh;
			shellScript = "\"${SRCROOT}/Pods/Target Support Files/Pods-Taxi/Pods-Taxi-resources.sh\"\n";
			showEnvVarsInLog = 0;
		};
		8DA8688B8FE439547DA9A277 /* [CP] Embed Pods Frameworks */ = {
			isa = PBXShellScriptBuildPhase;
			buildActionMask = 2147483647;
			files = (
			);
			inputPaths = (
			);
			name = "[CP] Embed Pods Frameworks";
			outputPaths = (
			);
			runOnlyForDeploymentPostprocessing = 0;
			shellPath = /bin/sh;
			shellScript = "\"${SRCROOT}/Pods/Target Support Files/Pods-TaxiUITests/Pods-TaxiUITests-frameworks.sh\"\n";
			showEnvVarsInLog = 0;
		};
		F1115C7DD512DF9A8A208259 /* [CP] Check Pods Manifest.lock */ = {
			isa = PBXShellScriptBuildPhase;
			buildActionMask = 2147483647;
			files = (
			);
			inputPaths = (
				"${PODS_PODFILE_DIR_PATH}/Podfile.lock",
				"${PODS_ROOT}/Manifest.lock",
			);
			name = "[CP] Check Pods Manifest.lock";
			outputPaths = (
				"$(DERIVED_FILE_DIR)/Pods-TaxiUITests-checkManifestLockResult.txt",
			);
			runOnlyForDeploymentPostprocessing = 0;
			shellPath = /bin/sh;
			shellScript = "diff \"${PODS_PODFILE_DIR_PATH}/Podfile.lock\" \"${PODS_ROOT}/Manifest.lock\" > /dev/null\nif [ $? != 0 ] ; then\n    # print error to STDERR\n    echo \"error: The sandbox is not in sync with the Podfile.lock. Run 'pod install' or update your CocoaPods installation.\" >&2\n    exit 1\nfi\n# This output is used by Xcode 'outputs' to avoid re-running this script phase.\necho \"SUCCESS\" > \"${SCRIPT_OUTPUT_FILE_0}\"\n";
			showEnvVarsInLog = 0;
		};
/* End PBXShellScriptBuildPhase section */

/* Begin PBXSourcesBuildPhase section */
		1F2FB4841F9C48C800870FC9 /* Sources */ = {
			isa = PBXSourcesBuildPhase;
			buildActionMask = 2147483647;
			files = (
				D47C37CA1F9C93F100E6F3EC /* PayEndController.swift in Sources */,
				D47C37C41F9C92F000E6F3EC /* MapController.swift in Sources */,
				D47C37C81F9C93D100E6F3EC /* MachingEndController.swift in Sources */,
				1F2FB48E1F9C48C800870FC9 /* ViewController.swift in Sources */,
				1F9583491F9DD62500829053 /* MatchingController.swift in Sources */,
				1F95834B1F9E312A00829053 /* DummyUser.swift in Sources */,
				1F74C3211F9ED78900380795 /* DummyStation.swift in Sources */,
				D47C37C21F9C916300E6F3EC /* ProfileEditController.swift in Sources */,
				1F2FB48C1F9C48C800870FC9 /* AppDelegate.swift in Sources */,
			);
			runOnlyForDeploymentPostprocessing = 0;
		};
		1F2FB4981F9C48C800870FC9 /* Sources */ = {
			isa = PBXSourcesBuildPhase;
			buildActionMask = 2147483647;
			files = (
				1F2FB4A11F9C48C800870FC9 /* TaxiUITests.swift in Sources */,
			);
			runOnlyForDeploymentPostprocessing = 0;
		};
/* End PBXSourcesBuildPhase section */

/* Begin PBXTargetDependency section */
		1F2FB49E1F9C48C800870FC9 /* PBXTargetDependency */ = {
			isa = PBXTargetDependency;
			target = 1F2FB4871F9C48C800870FC9 /* Taxi */;
			targetProxy = 1F2FB49D1F9C48C800870FC9 /* PBXContainerItemProxy */;
		};
/* End PBXTargetDependency section */

/* Begin PBXVariantGroup section */
		1F2FB48F1F9C48C800870FC9 /* Main.storyboard */ = {
			isa = PBXVariantGroup;
			children = (
				1F2FB4901F9C48C800870FC9 /* Base */,
			);
			name = Main.storyboard;
			sourceTree = "<group>";
		};
		1F2FB4941F9C48C800870FC9 /* LaunchScreen.storyboard */ = {
			isa = PBXVariantGroup;
			children = (
				1F2FB4951F9C48C800870FC9 /* Base */,
			);
			name = LaunchScreen.storyboard;
			sourceTree = "<group>";
		};
/* End PBXVariantGroup section */

/* Begin XCBuildConfiguration section */
		1F2FB4A31F9C48C800870FC9 /* Debug */ = {
			isa = XCBuildConfiguration;
			buildSettings = {
				ALWAYS_SEARCH_USER_PATHS = NO;
				CLANG_ANALYZER_NONNULL = YES;
				CLANG_ANALYZER_NUMBER_OBJECT_CONVERSION = YES_AGGRESSIVE;
				CLANG_CXX_LANGUAGE_STANDARD = "gnu++14";
				CLANG_CXX_LIBRARY = "libc++";
				CLANG_ENABLE_MODULES = YES;
				CLANG_ENABLE_OBJC_ARC = YES;
				CLANG_WARN_BLOCK_CAPTURE_AUTORELEASING = YES;
				CLANG_WARN_BOOL_CONVERSION = YES;
				CLANG_WARN_COMMA = YES;
				CLANG_WARN_CONSTANT_CONVERSION = YES;
				CLANG_WARN_DIRECT_OBJC_ISA_USAGE = YES_ERROR;
				CLANG_WARN_DOCUMENTATION_COMMENTS = YES;
				CLANG_WARN_EMPTY_BODY = YES;
				CLANG_WARN_ENUM_CONVERSION = YES;
				CLANG_WARN_INFINITE_RECURSION = YES;
				CLANG_WARN_INT_CONVERSION = YES;
				CLANG_WARN_NON_LITERAL_NULL_CONVERSION = YES;
				CLANG_WARN_OBJC_LITERAL_CONVERSION = YES;
				CLANG_WARN_OBJC_ROOT_CLASS = YES_ERROR;
				CLANG_WARN_RANGE_LOOP_ANALYSIS = YES;
				CLANG_WARN_STRICT_PROTOTYPES = YES;
				CLANG_WARN_SUSPICIOUS_MOVE = YES;
				CLANG_WARN_UNGUARDED_AVAILABILITY = YES_AGGRESSIVE;
				CLANG_WARN_UNREACHABLE_CODE = YES;
				CLANG_WARN__DUPLICATE_METHOD_MATCH = YES;
				CODE_SIGN_IDENTITY = "iPhone Developer";
				COPY_PHASE_STRIP = NO;
				DEBUG_INFORMATION_FORMAT = dwarf;
				ENABLE_STRICT_OBJC_MSGSEND = YES;
				ENABLE_TESTABILITY = YES;
				GCC_C_LANGUAGE_STANDARD = gnu11;
				GCC_DYNAMIC_NO_PIC = NO;
				GCC_NO_COMMON_BLOCKS = YES;
				GCC_OPTIMIZATION_LEVEL = 0;
				GCC_PREPROCESSOR_DEFINITIONS = (
					"DEBUG=1",
					"$(inherited)",
				);
				GCC_WARN_64_TO_32_BIT_CONVERSION = YES;
				GCC_WARN_ABOUT_RETURN_TYPE = YES_ERROR;
				GCC_WARN_UNDECLARED_SELECTOR = YES;
				GCC_WARN_UNINITIALIZED_AUTOS = YES_AGGRESSIVE;
				GCC_WARN_UNUSED_FUNCTION = YES;
				GCC_WARN_UNUSED_VARIABLE = YES;
				IPHONEOS_DEPLOYMENT_TARGET = 11.0;
				MTL_ENABLE_DEBUG_INFO = YES;
				ONLY_ACTIVE_ARCH = NO;
				SDKROOT = iphoneos;
				SWIFT_ACTIVE_COMPILATION_CONDITIONS = DEBUG;
				SWIFT_OPTIMIZATION_LEVEL = "-Onone";
			};
			name = Debug;
		};
		1F2FB4A41F9C48C800870FC9 /* Release */ = {
			isa = XCBuildConfiguration;
			buildSettings = {
				ALWAYS_SEARCH_USER_PATHS = NO;
				CLANG_ANALYZER_NONNULL = YES;
				CLANG_ANALYZER_NUMBER_OBJECT_CONVERSION = YES_AGGRESSIVE;
				CLANG_CXX_LANGUAGE_STANDARD = "gnu++14";
				CLANG_CXX_LIBRARY = "libc++";
				CLANG_ENABLE_MODULES = YES;
				CLANG_ENABLE_OBJC_ARC = YES;
				CLANG_WARN_BLOCK_CAPTURE_AUTORELEASING = YES;
				CLANG_WARN_BOOL_CONVERSION = YES;
				CLANG_WARN_COMMA = YES;
				CLANG_WARN_CONSTANT_CONVERSION = YES;
				CLANG_WARN_DIRECT_OBJC_ISA_USAGE = YES_ERROR;
				CLANG_WARN_DOCUMENTATION_COMMENTS = YES;
				CLANG_WARN_EMPTY_BODY = YES;
				CLANG_WARN_ENUM_CONVERSION = YES;
				CLANG_WARN_INFINITE_RECURSION = YES;
				CLANG_WARN_INT_CONVERSION = YES;
				CLANG_WARN_NON_LITERAL_NULL_CONVERSION = YES;
				CLANG_WARN_OBJC_LITERAL_CONVERSION = YES;
				CLANG_WARN_OBJC_ROOT_CLASS = YES_ERROR;
				CLANG_WARN_RANGE_LOOP_ANALYSIS = YES;
				CLANG_WARN_STRICT_PROTOTYPES = YES;
				CLANG_WARN_SUSPICIOUS_MOVE = YES;
				CLANG_WARN_UNGUARDED_AVAILABILITY = YES_AGGRESSIVE;
				CLANG_WARN_UNREACHABLE_CODE = YES;
				CLANG_WARN__DUPLICATE_METHOD_MATCH = YES;
				CODE_SIGN_IDENTITY = "iPhone Developer";
				COPY_PHASE_STRIP = NO;
				DEBUG_INFORMATION_FORMAT = "dwarf-with-dsym";
				ENABLE_NS_ASSERTIONS = NO;
				ENABLE_STRICT_OBJC_MSGSEND = YES;
				GCC_C_LANGUAGE_STANDARD = gnu11;
				GCC_NO_COMMON_BLOCKS = YES;
				GCC_WARN_64_TO_32_BIT_CONVERSION = YES;
				GCC_WARN_ABOUT_RETURN_TYPE = YES_ERROR;
				GCC_WARN_UNDECLARED_SELECTOR = YES;
				GCC_WARN_UNINITIALIZED_AUTOS = YES_AGGRESSIVE;
				GCC_WARN_UNUSED_FUNCTION = YES;
				GCC_WARN_UNUSED_VARIABLE = YES;
				IPHONEOS_DEPLOYMENT_TARGET = 11.0;
				MTL_ENABLE_DEBUG_INFO = NO;
				ONLY_ACTIVE_ARCH = NO;
				SDKROOT = iphoneos;
				SWIFT_OPTIMIZATION_LEVEL = "-Owholemodule";
				VALIDATE_PRODUCT = YES;
			};
			name = Release;
		};
		1F2FB4A61F9C48C800870FC9 /* Debug */ = {
			isa = XCBuildConfiguration;
			baseConfigurationReference = 1BCACF78C88773CC02A37E9B /* Pods-Taxi.debug.xcconfig */;
			buildSettings = {
				ASSETCATALOG_COMPILER_APPICON_NAME = AppIcon;
				CODE_SIGN_STYLE = Automatic;
				DEVELOPMENT_TEAM = "";
				INFOPLIST_FILE = Taxi/Info.plist;
				LD_RUNPATH_SEARCH_PATHS = "$(inherited) @executable_path/Frameworks";
				ONLY_ACTIVE_ARCH = YES;
				PRODUCT_BUNDLE_IDENTIFIER = toshifumi.Taxi;
				PRODUCT_NAME = "$(TARGET_NAME)";
				SDKROOT = iphoneos;
				SWIFT_VERSION = 4.0;
				TARGETED_DEVICE_FAMILY = "1,2";
			};
			name = Debug;
		};
		1F2FB4A71F9C48C800870FC9 /* Release */ = {
			isa = XCBuildConfiguration;
			baseConfigurationReference = 56226B6EB5ABF5C11CC49A23 /* Pods-Taxi.release.xcconfig */;
			buildSettings = {
				ASSETCATALOG_COMPILER_APPICON_NAME = AppIcon;
				CODE_SIGN_STYLE = Automatic;
				DEVELOPMENT_TEAM = "";
				INFOPLIST_FILE = Taxi/Info.plist;
				LD_RUNPATH_SEARCH_PATHS = "$(inherited) @executable_path/Frameworks";
				ONLY_ACTIVE_ARCH = YES;
				PRODUCT_BUNDLE_IDENTIFIER = toshifumi.Taxi;
				PRODUCT_NAME = "$(TARGET_NAME)";
				SDKROOT = iphoneos;
				SWIFT_VERSION = 4.0;
				TARGETED_DEVICE_FAMILY = "1,2";
			};
			name = Release;
		};
		1F2FB4A91F9C48C800870FC9 /* Debug */ = {
			isa = XCBuildConfiguration;
			baseConfigurationReference = 8D276F13EBFFBDD2D884C229 /* Pods-TaxiUITests.debug.xcconfig */;
			buildSettings = {
				ALWAYS_EMBED_SWIFT_STANDARD_LIBRARIES = YES;
				CODE_SIGN_STYLE = Automatic;
				INFOPLIST_FILE = TaxiUITests/Info.plist;
				LD_RUNPATH_SEARCH_PATHS = "$(inherited) @executable_path/Frameworks @loader_path/Frameworks";
				PRODUCT_BUNDLE_IDENTIFIER = toshifumi.TaxiUITests;
				PRODUCT_NAME = "$(TARGET_NAME)";
				SWIFT_VERSION = 4.0;
				TARGETED_DEVICE_FAMILY = "1,2";
				TEST_TARGET_NAME = Taxi;
			};
			name = Debug;
		};
		1F2FB4AA1F9C48C800870FC9 /* Release */ = {
			isa = XCBuildConfiguration;
			baseConfigurationReference = 1263967705B7A757E68882D9 /* Pods-TaxiUITests.release.xcconfig */;
			buildSettings = {
				ALWAYS_EMBED_SWIFT_STANDARD_LIBRARIES = YES;
				CODE_SIGN_STYLE = Automatic;
				INFOPLIST_FILE = TaxiUITests/Info.plist;
				LD_RUNPATH_SEARCH_PATHS = "$(inherited) @executable_path/Frameworks @loader_path/Frameworks";
				PRODUCT_BUNDLE_IDENTIFIER = toshifumi.TaxiUITests;
				PRODUCT_NAME = "$(TARGET_NAME)";
				SWIFT_VERSION = 4.0;
				TARGETED_DEVICE_FAMILY = "1,2";
				TEST_TARGET_NAME = Taxi;
			};
			name = Release;
		};
/* End XCBuildConfiguration section */

/* Begin XCConfigurationList section */
		1F2FB4831F9C48C800870FC9 /* Build configuration list for PBXProject "Taxi" */ = {
			isa = XCConfigurationList;
			buildConfigurations = (
				1F2FB4A31F9C48C800870FC9 /* Debug */,
				1F2FB4A41F9C48C800870FC9 /* Release */,
			);
			defaultConfigurationIsVisible = 0;
			defaultConfigurationName = Release;
		};
		1F2FB4A51F9C48C800870FC9 /* Build configuration list for PBXNativeTarget "Taxi" */ = {
			isa = XCConfigurationList;
			buildConfigurations = (
				1F2FB4A61F9C48C800870FC9 /* Debug */,
				1F2FB4A71F9C48C800870FC9 /* Release */,
			);
			defaultConfigurationIsVisible = 0;
			defaultConfigurationName = Release;
		};
		1F2FB4A81F9C48C800870FC9 /* Build configuration list for PBXNativeTarget "TaxiUITests" */ = {
			isa = XCConfigurationList;
			buildConfigurations = (
				1F2FB4A91F9C48C800870FC9 /* Debug */,
				1F2FB4AA1F9C48C800870FC9 /* Release */,
			);
			defaultConfigurationIsVisible = 0;
			defaultConfigurationName = Release;
		};
/* End XCConfigurationList section */
	};
	rootObject = 1F2FB4801F9C48C800870FC9 /* Project object */;
}
